
Microsoft Visual Studio Solution File, Format Version 12.00
# Visual Studio Version 16
VisualStudioVersion = 16.0.29306.81
MinimumVisualStudioVersion = 10.0.40219.1
Project("{FAE04EC0-301F-11D3-BF4B-00C04F79EFBC}") = "EnigmaDuplicates", "EnigmaDuplicates\EnigmaDuplicates.csproj", "{F03201CC-9BE4-460C-AF5A-EA0F49E487BA}"
EndProject
Project("{FAE04EC0-301F-11D3-BF4B-00C04F79EFBC}") = "EnigmaSettings", "..\EnigmaSettings\EnigmaSettings\EnigmaSettings.csproj", "{A9C23E85-4340-48F8-B59B-9B9AD259DFC7}"
EndProject
Global
	GlobalSection(SolutionConfigurationPlatforms) = preSolution
		Debug|Any CPU = Debug|Any CPU
		Release|Any CPU = Release|Any CPU
	EndGlobalSection
	GlobalSection(ProjectConfigurationPlatforms) = postSolution
		{F03201CC-9BE4-460C-AF5A-EA0F49E487BA}.Debug|Any CPU.ActiveCfg = Debug|Any CPU
		{F03201CC-9BE4-460C-AF5A-EA0F49E487BA}.Debug|Any CPU.Build.0 = Debug|Any CPU
		{F03201CC-9BE4-460C-AF5A-EA0F49E487BA}.Release|Any CPU.ActiveCfg = Release|Any CPU
		{F03201CC-9BE4-460C-AF5A-EA0F49E487BA}.Release|Any CPU.Build.0 = Release|Any CPU
		{A9C23E85-4340-48F8-B59B-9B9AD259DFC7}.Debug|Any CPU.ActiveCfg = Debug|Any CPU
		{A9C23E85-4340-48F8-B59B-9B9AD259DFC7}.Debug|Any CPU.Build.0 = Debug|Any CPU
		{A9C23E85-4340-48F8-B59B-9B9AD259DFC7}.Release|Any CPU.ActiveCfg = Release|Any CPU
		{A9C23E85-4340-48F8-B59B-9B9AD259DFC7}.Release|Any CPU.Build.0 = Release|Any CPU
	EndGlobalSection
	GlobalSection(SolutionProperties) = preSolution
		HideSolutionNode = FALSE
	EndGlobalSection
	GlobalSection(ExtensibilityGlobals) = postSolution
		SolutionGuid = {DFB106D3-C034-4B72-999B-BBEDEFAF016A}
	EndGlobalSection
EndGlobal
