
Microsoft Visual Studio Solution File, Format Version 12.00
# Visual Studio 2012
Project("{FAE04EC0-301F-11D3-BF4B-00C04F79EFBC}") = "EnigmaDuplicates", "EnigmaDuplicates\EnigmaDuplicates.csproj", "{F03201CC-9BE4-460C-AF5A-EA0F49E487BA}"
EndProject
Global
	GlobalSection(SolutionConfigurationPlatforms) = preSolution
		Debug|Any CPU = Debug|Any CPU
		Release|Any CPU = Release|Any CPU
	EndGlobalSection
	GlobalSection(ProjectConfigurationPlatforms) = postSolution
		{F03201CC-9BE4-460C-AF5A-EA0F49E487BA}.Debug|Any CPU.ActiveCfg = Debug|Any CPU
		{F03201CC-9BE4-460C-AF5A-EA0F49E487BA}.Debug|Any CPU.Build.0 = Debug|Any CPU
		{F03201CC-9BE4-460C-AF5A-EA0F49E487BA}.Release|Any CPU.ActiveCfg = Release|Any CPU
		{F03201CC-9BE4-460C-AF5A-EA0F49E487BA}.Release|Any CPU.Build.0 = Release|Any CPU
	EndGlobalSection
	GlobalSection(SolutionProperties) = preSolution
		HideSolutionNode = FALSE
	EndGlobalSection
EndGlobal
